
Microsoft Visual Studio Solution File, Format Version 12.00
# Visual Studio Version 17
VisualStudioVersion = 17.4.33213.308
MinimumVisualStudioVersion = 10.0.40219.1
Project("{9A19103F-16F7-4668-BE54-9A1E7A4F7556}") = "Qynit.Pulsewave", "src\Qynit.Pulsewave\Qynit.Pulsewave.csproj", "{8A71F7BA-E700-4DA3-BBE7-5E7C866466B8}"
EndProject
Project("{2150E333-8FDC-42A3-9474-1A3956D46DE8}") = "src", "src", "{3EBAD22F-230A-4BCB-B16C-A9063E2A4E9A}"
EndProject
Project("{2150E333-8FDC-42A3-9474-1A3956D46DE8}") = "Solution Items", "Solution Items", "{7BEC5D1A-5E54-40A4-B7F6-067F81829321}"
	ProjectSection(SolutionItems) = preProject
		.editorconfig = .editorconfig
	EndProjectSection
EndProject
Global
	GlobalSection(SolutionConfigurationPlatforms) = preSolution
		Debug|Any CPU = Debug|Any CPU
		Release|Any CPU = Release|Any CPU
	EndGlobalSection
	GlobalSection(ProjectConfigurationPlatforms) = postSolution
		{8A71F7BA-E700-4DA3-BBE7-5E7C866466B8}.Debug|Any CPU.ActiveCfg = Debug|Any CPU
		{8A71F7BA-E700-4DA3-BBE7-5E7C866466B8}.Debug|Any CPU.Build.0 = Debug|Any CPU
		{8A71F7BA-E700-4DA3-BBE7-5E7C866466B8}.Release|Any CPU.ActiveCfg = Release|Any CPU
		{8A71F7BA-E700-4DA3-BBE7-5E7C866466B8}.Release|Any CPU.Build.0 = Release|Any CPU
	EndGlobalSection
	GlobalSection(SolutionProperties) = preSolution
		HideSolutionNode = FALSE
	EndGlobalSection
	GlobalSection(NestedProjects) = preSolution
		{8A71F7BA-E700-4DA3-BBE7-5E7C866466B8} = {3EBAD22F-230A-4BCB-B16C-A9063E2A4E9A}
	EndGlobalSection
	GlobalSection(ExtensibilityGlobals) = postSolution
		SolutionGuid = {1DC52AEE-D9FC-4B2F-9492-0C92B0479A3C}
	EndGlobalSection
EndGlobal
